
Microsoft Visual Studio Solution File, Format Version 12.00
# Visual Studio Version 17
VisualStudioVersion = 17.3.32825.248
MinimumVisualStudioVersion = 10.0.40219.1
Project("{FAE04EC0-301F-11D3-BF4B-00C04F79EFBC}") = "WonderlandAnimal", "WonderlandAnimal\WonderlandAnimal.csproj", "{B00F7048-6A34-4B5E-8EDA-054B0AEFB45B}"
EndProject
Global
	GlobalSection(SolutionConfigurationPlatforms) = preSolution
		Debug|Any CPU = Debug|Any CPU
		Release|Any CPU = Release|Any CPU
	EndGlobalSection
	GlobalSection(ProjectConfigurationPlatforms) = postSolution
		{B00F7048-6A34-4B5E-8EDA-054B0AEFB45B}.Debug|Any CPU.ActiveCfg = Debug|Any CPU
		{B00F7048-6A34-4B5E-8EDA-054B0AEFB45B}.Debug|Any CPU.Build.0 = Debug|Any CPU
		{B00F7048-6A34-4B5E-8EDA-054B0AEFB45B}.Release|Any CPU.ActiveCfg = Release|Any CPU
		{B00F7048-6A34-4B5E-8EDA-054B0AEFB45B}.Release|Any CPU.Build.0 = Release|Any CPU
	EndGlobalSection
	GlobalSection(SolutionProperties) = preSolution
		HideSolutionNode = FALSE
	EndGlobalSection
	GlobalSection(ExtensibilityGlobals) = postSolution
		SolutionGuid = {7A63A868-0B69-4AB6-B112-A9DE2B1EA8CE}
	EndGlobalSection
EndGlobal
